
Microsoft Visual Studio Solution File, Format Version 12.00
# Visual Studio Version 17
VisualStudioVersion = 17.9.34902.65
MinimumVisualStudioVersion = 10.0.40219.1
Project("{FAE04EC0-301F-11D3-BF4B-00C04F79EFBC}") = "StressUtilities", "StressUtilities.csproj", "{79704D0E-FA13-4B3D-B918-A3D5C49FC19F}"
EndProject
Global
	GlobalSection(SolutionConfigurationPlatforms) = preSolution
		Debug|Any CPU = Debug|Any CPU
		Debug|x64 = Debug|x64
		Release|Any CPU = Release|Any CPU
		Release|x64 = Release|x64
	EndGlobalSection
	GlobalSection(ProjectConfigurationPlatforms) = postSolution
		{79704D0E-FA13-4B3D-B918-A3D5C49FC19F}.Debug|Any CPU.ActiveCfg = Debug|Any CPU
		{79704D0E-FA13-4B3D-B918-A3D5C49FC19F}.Debug|Any CPU.Build.0 = Debug|Any CPU
		{79704D0E-FA13-4B3D-B918-A3D5C49FC19F}.Debug|x64.ActiveCfg = Debug|Any CPU
		{79704D0E-FA13-4B3D-B918-A3D5C49FC19F}.Debug|x64.Build.0 = Debug|Any CPU
		{79704D0E-FA13-4B3D-B918-A3D5C49FC19F}.Release|Any CPU.ActiveCfg = Release|Any CPU
		{79704D0E-FA13-4B3D-B918-A3D5C49FC19F}.Release|Any CPU.Build.0 = Release|Any CPU
		{79704D0E-FA13-4B3D-B918-A3D5C49FC19F}.Release|x64.ActiveCfg = Release|Any CPU
		{79704D0E-FA13-4B3D-B918-A3D5C49FC19F}.Release|x64.Build.0 = Release|Any CPU
	EndGlobalSection
	GlobalSection(SolutionProperties) = preSolution
		HideSolutionNode = FALSE
	EndGlobalSection
	GlobalSection(ExtensibilityGlobals) = postSolution
		SolutionGuid = {F89784A4-8A0F-4B7C-8D9D-37E035786BF6}
	EndGlobalSection
EndGlobal
